
Microsoft Visual Studio Solution File, Format Version 12.00
# Visual Studio Version 17
VisualStudioVersion = 17.10.35013.160
MinimumVisualStudioVersion = 10.0.40219.1
Project("{9A19103F-16F7-4668-BE54-9A1E7A4F7556}") = "CoFloPeopleAPI", "..\CoFloPeopleAPISolution\CoFloPeopleAPI\CoFloPeopleAPI.csproj", "{B2243EBC-C7F5-4218-B0A8-75F8731FD27C}"
EndProject
Project("{FAE04EC0-301F-11D3-BF4B-00C04F79EFBC}") = "CoFloPeopleAPI_UnitTests", "..\CoFloPeopleAPISolution\CoFloPeopleAPI_UnitTests\CoFloPeopleAPI_UnitTests.csproj", "{BF317AE2-D940-4FB0-8CC2-ECF0D8D357BF}"
EndProject
Global
	GlobalSection(SolutionConfigurationPlatforms) = preSolution
		Debug|Any CPU = Debug|Any CPU
		Release|Any CPU = Release|Any CPU
	EndGlobalSection
	GlobalSection(ProjectConfigurationPlatforms) = postSolution
		{B2243EBC-C7F5-4218-B0A8-75F8731FD27C}.Debug|Any CPU.ActiveCfg = Debug|Any CPU
		{B2243EBC-C7F5-4218-B0A8-75F8731FD27C}.Debug|Any CPU.Build.0 = Debug|Any CPU
		{B2243EBC-C7F5-4218-B0A8-75F8731FD27C}.Release|Any CPU.ActiveCfg = Release|Any CPU
		{B2243EBC-C7F5-4218-B0A8-75F8731FD27C}.Release|Any CPU.Build.0 = Release|Any CPU
		{BF317AE2-D940-4FB0-8CC2-ECF0D8D357BF}.Debug|Any CPU.ActiveCfg = Debug|Any CPU
		{BF317AE2-D940-4FB0-8CC2-ECF0D8D357BF}.Debug|Any CPU.Build.0 = Debug|Any CPU
		{BF317AE2-D940-4FB0-8CC2-ECF0D8D357BF}.Release|Any CPU.ActiveCfg = Release|Any CPU
		{BF317AE2-D940-4FB0-8CC2-ECF0D8D357BF}.Release|Any CPU.Build.0 = Release|Any CPU
	EndGlobalSection
	GlobalSection(SolutionProperties) = preSolution
		HideSolutionNode = FALSE
	EndGlobalSection
	GlobalSection(ExtensibilityGlobals) = postSolution
		SolutionGuid = {12DBDD45-7F9D-4597-B02D-3A29C6C58619}
	EndGlobalSection
EndGlobal
